
Microsoft Visual Studio Solution File, Format Version 12.00
# Visual Studio Version 16
VisualStudioVersion = 16.0.30717.126
MinimumVisualStudioVersion = 10.0.40219.1
Project("{FAE04EC0-301F-11D3-BF4B-00C04F79EFBC}") = "Car.Shop.Forms.Android", "Car.Shop.Forms\Car.Shop.Forms.Android\Car.Shop.Forms.Android.csproj", "{6F33E28A-D209-4F88-8A5E-486F8D2FE812}"
EndProject
Project("{FAE04EC0-301F-11D3-BF4B-00C04F79EFBC}") = "Car.Shop.Forms.iOS", "Car.Shop.Forms\Car.Shop.Forms.iOS\Car.Shop.Forms.iOS.csproj", "{6BB0A174-175C-465A-A3D5-7F152A79D928}"
EndProject
Project("{FAE04EC0-301F-11D3-BF4B-00C04F79EFBC}") = "Car.Shop.Forms", "Car.Shop.Forms\Car.Shop.Forms\Car.Shop.Forms.csproj", "{D0F9C7DB-088B-4D5E-AC8B-46EC030C96A3}"
EndProject
Global
	GlobalSection(SolutionConfigurationPlatforms) = preSolution
		Debug|Any CPU = Debug|Any CPU
		Debug|iPhone = Debug|iPhone
		Debug|iPhoneSimulator = Debug|iPhoneSimulator
		Release|Any CPU = Release|Any CPU
		Release|iPhone = Release|iPhone
		Release|iPhoneSimulator = Release|iPhoneSimulator
	EndGlobalSection
	GlobalSection(ProjectConfigurationPlatforms) = postSolution
		{6F33E28A-D209-4F88-8A5E-486F8D2FE812}.Debug|Any CPU.ActiveCfg = Debug|Any CPU
		{6F33E28A-D209-4F88-8A5E-486F8D2FE812}.Debug|Any CPU.Build.0 = Debug|Any CPU
		{6F33E28A-D209-4F88-8A5E-486F8D2FE812}.Debug|Any CPU.Deploy.0 = Debug|Any CPU
		{6F33E28A-D209-4F88-8A5E-486F8D2FE812}.Debug|iPhone.ActiveCfg = Debug|Any CPU
		{6F33E28A-D209-4F88-8A5E-486F8D2FE812}.Debug|iPhone.Build.0 = Debug|Any CPU
		{6F33E28A-D209-4F88-8A5E-486F8D2FE812}.Debug|iPhone.Deploy.0 = Debug|Any CPU
		{6F33E28A-D209-4F88-8A5E-486F8D2FE812}.Debug|iPhoneSimulator.ActiveCfg = Debug|Any CPU
		{6F33E28A-D209-4F88-8A5E-486F8D2FE812}.Debug|iPhoneSimulator.Build.0 = Debug|Any CPU
		{6F33E28A-D209-4F88-8A5E-486F8D2FE812}.Debug|iPhoneSimulator.Deploy.0 = Debug|Any CPU
		{6F33E28A-D209-4F88-8A5E-486F8D2FE812}.Release|Any CPU.ActiveCfg = Release|Any CPU
		{6F33E28A-D209-4F88-8A5E-486F8D2FE812}.Release|Any CPU.Build.0 = Release|Any CPU
		{6F33E28A-D209-4F88-8A5E-486F8D2FE812}.Release|Any CPU.Deploy.0 = Release|Any CPU
		{6F33E28A-D209-4F88-8A5E-486F8D2FE812}.Release|iPhone.ActiveCfg = Release|Any CPU
		{6F33E28A-D209-4F88-8A5E-486F8D2FE812}.Release|iPhone.Build.0 = Release|Any CPU
		{6F33E28A-D209-4F88-8A5E-486F8D2FE812}.Release|iPhone.Deploy.0 = Release|Any CPU
		{6F33E28A-D209-4F88-8A5E-486F8D2FE812}.Release|iPhoneSimulator.ActiveCfg = Release|Any CPU
		{6F33E28A-D209-4F88-8A5E-486F8D2FE812}.Release|iPhoneSimulator.Build.0 = Release|Any CPU
		{6F33E28A-D209-4F88-8A5E-486F8D2FE812}.Release|iPhoneSimulator.Deploy.0 = Release|Any CPU
		{6BB0A174-175C-465A-A3D5-7F152A79D928}.Debug|Any CPU.ActiveCfg = Debug|iPhone
		{6BB0A174-175C-465A-A3D5-7F152A79D928}.Debug|Any CPU.Build.0 = Debug|iPhone
		{6BB0A174-175C-465A-A3D5-7F152A79D928}.Debug|Any CPU.Deploy.0 = Debug|iPhone
		{6BB0A174-175C-465A-A3D5-7F152A79D928}.Debug|iPhone.ActiveCfg = Debug|iPhone
		{6BB0A174-175C-465A-A3D5-7F152A79D928}.Debug|iPhone.Build.0 = Debug|iPhone
		{6BB0A174-175C-465A-A3D5-7F152A79D928}.Debug|iPhone.Deploy.0 = Debug|iPhone
		{6BB0A174-175C-465A-A3D5-7F152A79D928}.Debug|iPhoneSimulator.ActiveCfg = Debug|iPhoneSimulator
		{6BB0A174-175C-465A-A3D5-7F152A79D928}.Debug|iPhoneSimulator.Build.0 = Debug|iPhoneSimulator
		{6BB0A174-175C-465A-A3D5-7F152A79D928}.Debug|iPhoneSimulator.Deploy.0 = Debug|iPhoneSimulator
		{6BB0A174-175C-465A-A3D5-7F152A79D928}.Release|Any CPU.ActiveCfg = Release|iPhoneSimulator
		{6BB0A174-175C-465A-A3D5-7F152A79D928}.Release|Any CPU.Build.0 = Release|iPhoneSimulator
		{6BB0A174-175C-465A-A3D5-7F152A79D928}.Release|Any CPU.Deploy.0 = Release|iPhoneSimulator
		{6BB0A174-175C-465A-A3D5-7F152A79D928}.Release|iPhone.ActiveCfg = Release|iPhone
		{6BB0A174-175C-465A-A3D5-7F152A79D928}.Release|iPhone.Build.0 = Release|iPhone
		{6BB0A174-175C-465A-A3D5-7F152A79D928}.Release|iPhone.Deploy.0 = Release|iPhone
		{6BB0A174-175C-465A-A3D5-7F152A79D928}.Release|iPhoneSimulator.ActiveCfg = Release|iPhoneSimulator
		{6BB0A174-175C-465A-A3D5-7F152A79D928}.Release|iPhoneSimulator.Build.0 = Release|iPhoneSimulator
		{6BB0A174-175C-465A-A3D5-7F152A79D928}.Release|iPhoneSimulator.Deploy.0 = Release|iPhoneSimulator
		{D0F9C7DB-088B-4D5E-AC8B-46EC030C96A3}.Debug|Any CPU.ActiveCfg = Debug|Any CPU
		{D0F9C7DB-088B-4D5E-AC8B-46EC030C96A3}.Debug|Any CPU.Build.0 = Debug|Any CPU
		{D0F9C7DB-088B-4D5E-AC8B-46EC030C96A3}.Debug|Any CPU.Deploy.0 = Debug|Any CPU
		{D0F9C7DB-088B-4D5E-AC8B-46EC030C96A3}.Debug|iPhone.ActiveCfg = Debug|Any CPU
		{D0F9C7DB-088B-4D5E-AC8B-46EC030C96A3}.Debug|iPhone.Build.0 = Debug|Any CPU
		{D0F9C7DB-088B-4D5E-AC8B-46EC030C96A3}.Debug|iPhone.Deploy.0 = Debug|Any CPU
		{D0F9C7DB-088B-4D5E-AC8B-46EC030C96A3}.Debug|iPhoneSimulator.ActiveCfg = Debug|Any CPU
		{D0F9C7DB-088B-4D5E-AC8B-46EC030C96A3}.Debug|iPhoneSimulator.Build.0 = Debug|Any CPU
		{D0F9C7DB-088B-4D5E-AC8B-46EC030C96A3}.Debug|iPhoneSimulator.Deploy.0 = Debug|Any CPU
		{D0F9C7DB-088B-4D5E-AC8B-46EC030C96A3}.Release|Any CPU.ActiveCfg = Release|Any CPU
		{D0F9C7DB-088B-4D5E-AC8B-46EC030C96A3}.Release|Any CPU.Build.0 = Release|Any CPU
		{D0F9C7DB-088B-4D5E-AC8B-46EC030C96A3}.Release|Any CPU.Deploy.0 = Release|Any CPU
		{D0F9C7DB-088B-4D5E-AC8B-46EC030C96A3}.Release|iPhone.ActiveCfg = Release|Any CPU
		{D0F9C7DB-088B-4D5E-AC8B-46EC030C96A3}.Release|iPhone.Build.0 = Release|Any CPU
		{D0F9C7DB-088B-4D5E-AC8B-46EC030C96A3}.Release|iPhone.Deploy.0 = Release|Any CPU
		{D0F9C7DB-088B-4D5E-AC8B-46EC030C96A3}.Release|iPhoneSimulator.ActiveCfg = Release|Any CPU
		{D0F9C7DB-088B-4D5E-AC8B-46EC030C96A3}.Release|iPhoneSimulator.Build.0 = Release|Any CPU
		{D0F9C7DB-088B-4D5E-AC8B-46EC030C96A3}.Release|iPhoneSimulator.Deploy.0 = Release|Any CPU
	EndGlobalSection
	GlobalSection(SolutionProperties) = preSolution
		HideSolutionNode = FALSE
	EndGlobalSection
	GlobalSection(ExtensibilityGlobals) = postSolution
		SolutionGuid = {68441C4B-AA75-458B-BA34-42E06FB47D10}
	EndGlobalSection
EndGlobal
